
Microsoft Visual Studio Solution File, Format Version 12.00
# Visual Studio Version 17
VisualStudioVersion = 17.5.33414.496
MinimumVisualStudioVersion = 10.0.40219.1
Project("{FAE04EC0-301F-11D3-BF4B-00C04F79EFBC}") = "SDL2project", "SDL2project.csproj", "{EEA07E40-12AB-407C-8450-65AE09F789F1}"
EndProject
Global
	GlobalSection(SolutionConfigurationPlatforms) = preSolution
		Debug|Any CPU = Debug|Any CPU
		Release|Any CPU = Release|Any CPU
	EndGlobalSection
	GlobalSection(ProjectConfigurationPlatforms) = postSolution
		{EEA07E40-12AB-407C-8450-65AE09F789F1}.Debug|Any CPU.ActiveCfg = Debug|Any CPU
		{EEA07E40-12AB-407C-8450-65AE09F789F1}.Debug|Any CPU.Build.0 = Debug|Any CPU
		{EEA07E40-12AB-407C-8450-65AE09F789F1}.Release|Any CPU.ActiveCfg = Release|Any CPU
		{EEA07E40-12AB-407C-8450-65AE09F789F1}.Release|Any CPU.Build.0 = Release|Any CPU
	EndGlobalSection
	GlobalSection(SolutionProperties) = preSolution
		HideSolutionNode = FALSE
	EndGlobalSection
	GlobalSection(ExtensibilityGlobals) = postSolution
		SolutionGuid = {C0581E53-9297-4D9E-8A37-0CDA02558F97}
	EndGlobalSection
EndGlobal
